// !$*UTF8*$!
{
	archiveVersion = 1;
	classes = {
	};
	objectVersion = 55;
	objects = {

/* Begin PBXBuildFile section */
		A0043D652810878500F31F37 /* TodoList.swift in Sources */ = {isa = PBXBuildFile; fileRef = A0043D642810878500F31F37 /* TodoList.swift */; };
		A05C6BAC280FE0E600068399 /* Task.swift in Sources */ = {isa = PBXBuildFile; fileRef = A05C6BAB280FE0E600068399 /* Task.swift */; };
		A05C6BAF28106C5200068399 /* ItemCell.swift in Sources */ = {isa = PBXBuildFile; fileRef = A05C6BAD28106C5200068399 /* ItemCell.swift */; };
		A05C6BB028106C5200068399 /* ItemCell.xib in Resources */ = {isa = PBXBuildFile; fileRef = A05C6BAE28106C5200068399 /* ItemCell.xib */; };
		A09FDDEE280FDCE5005AE952 /* AppDelegate.swift in Sources */ = {isa = PBXBuildFile; fileRef = A09FDDED280FDCE5005AE952 /* AppDelegate.swift */; };
		A09FDDF0280FDCE5005AE952 /* SceneDelegate.swift in Sources */ = {isa = PBXBuildFile; fileRef = A09FDDEF280FDCE5005AE952 /* SceneDelegate.swift */; };
		A09FDDF2280FDCE5005AE952 /* ViewController.swift in Sources */ = {isa = PBXBuildFile; fileRef = A09FDDF1280FDCE5005AE952 /* ViewController.swift */; };
		A09FDDF5280FDCE5005AE952 /* Main.storyboard in Resources */ = {isa = PBXBuildFile; fileRef = A09FDDF3280FDCE5005AE952 /* Main.storyboard */; };
		A09FDDF8280FDCE5005AE952 /* TodoMaster2.xcdatamodeld in Sources */ = {isa = PBXBuildFile; fileRef = A09FDDF6280FDCE5005AE952 /* TodoMaster2.xcdatamodeld */; };
		A09FDDFA280FDCE6005AE952 /* Assets.xcassets in Resources */ = {isa = PBXBuildFile; fileRef = A09FDDF9280FDCE6005AE952 /* Assets.xcassets */; };
		A09FDDFD280FDCE6005AE952 /* LaunchScreen.storyboard in Resources */ = {isa = PBXBuildFile; fileRef = A09FDDFB280FDCE6005AE952 /* LaunchScreen.storyboard */; };
		A09FDE08280FDCE7005AE952 /* TodoMaster2Tests.swift in Sources */ = {isa = PBXBuildFile; fileRef = A09FDE07280FDCE7005AE952 /* TodoMaster2Tests.swift */; };
		A09FDE12280FDCE7005AE952 /* TodoMaster2UITests.swift in Sources */ = {isa = PBXBuildFile; fileRef = A09FDE11280FDCE7005AE952 /* TodoMaster2UITests.swift */; };
		A09FDE14280FDCE7005AE952 /* TodoMaster2UITestsLaunchTests.swift in Sources */ = {isa = PBXBuildFile; fileRef = A09FDE13280FDCE7005AE952 /* TodoMaster2UITestsLaunchTests.swift */; };
/* End PBXBuildFile section */

/* Begin PBXContainerItemProxy section */
		A09FDE04280FDCE7005AE952 /* PBXContainerItemProxy */ = {
			isa = PBXContainerItemProxy;
			containerPortal = A09FDDE2280FDCE5005AE952 /* Project object */;
			proxyType = 1;
			remoteGlobalIDString = A09FDDE9280FDCE5005AE952;
			remoteInfo = TodoMaster2;
		};
		A09FDE0E280FDCE7005AE952 /* PBXContainerItemProxy */ = {
			isa = PBXContainerItemProxy;
			containerPortal = A09FDDE2280FDCE5005AE952 /* Project object */;
			proxyType = 1;
			remoteGlobalIDString = A09FDDE9280FDCE5005AE952;
			remoteInfo = TodoMaster2;
		};
/* End PBXContainerItemProxy section */

/* Begin PBXFileReference section */
		A0043D642810878500F31F37 /* TodoList.swift */ = {isa = PBXFileReference; lastKnownFileType = sourcecode.swift; path = TodoList.swift; sourceTree = "<group>"; };
		A05C6BAB280FE0E600068399 /* Task.swift */ = {isa = PBXFileReference; lastKnownFileType = sourcecode.swift; path = Task.swift; sourceTree = "<group>"; };
		A05C6BAD28106C5200068399 /* ItemCell.swift */ = {isa = PBXFileReference; lastKnownFileType = sourcecode.swift; path = ItemCell.swift; sourceTree = "<group>"; };
		A05C6BAE28106C5200068399 /* ItemCell.xib */ = {isa = PBXFileReference; lastKnownFileType = file.xib; path = ItemCell.xib; sourceTree = "<group>"; };
		A09FDDEA280FDCE5005AE952 /* TodoMaster2.app */ = {isa = PBXFileReference; explicitFileType = wrapper.application; includeInIndex = 0; path = TodoMaster2.app; sourceTree = BUILT_PRODUCTS_DIR; };
		A09FDDED280FDCE5005AE952 /* AppDelegate.swift */ = {isa = PBXFileReference; lastKnownFileType = sourcecode.swift; path = AppDelegate.swift; sourceTree = "<group>"; };
		A09FDDEF280FDCE5005AE952 /* SceneDelegate.swift */ = {isa = PBXFileReference; lastKnownFileType = sourcecode.swift; path = SceneDelegate.swift; sourceTree = "<group>"; };
		A09FDDF1280FDCE5005AE952 /* ViewController.swift */ = {isa = PBXFileReference; lastKnownFileType = sourcecode.swift; path = ViewController.swift; sourceTree = "<group>"; };
		A09FDDF4280FDCE5005AE952 /* Base */ = {isa = PBXFileReference; lastKnownFileType = file.storyboard; name = Base; path = Base.lproj/Main.storyboard; sourceTree = "<group>"; };
		A09FDDF7280FDCE5005AE952 /* TodoMaster2.xcdatamodel */ = {isa = PBXFileReference; lastKnownFileType = wrapper.xcdatamodel; path = TodoMaster2.xcdatamodel; sourceTree = "<group>"; };
		A09FDDF9280FDCE6005AE952 /* Assets.xcassets */ = {isa = PBXFileReference; lastKnownFileType = folder.assetcatalog; path = Assets.xcassets; sourceTree = "<group>"; };
		A09FDDFC280FDCE6005AE952 /* Base */ = {isa = PBXFileReference; lastKnownFileType = file.storyboard; name = Base; path = Base.lproj/LaunchScreen.storyboard; sourceTree = "<group>"; };
		A09FDDFE280FDCE6005AE952 /* Info.plist */ = {isa = PBXFileReference; lastKnownFileType = text.plist.xml; path = Info.plist; sourceTree = "<group>"; };
		A09FDE03280FDCE7005AE952 /* TodoMaster2Tests.xctest */ = {isa = PBXFileReference; explicitFileType = wrapper.cfbundle; includeInIndex = 0; path = TodoMaster2Tests.xctest; sourceTree = BUILT_PRODUCTS_DIR; };
		A09FDE07280FDCE7005AE952 /* TodoMaster2Tests.swift */ = {isa = PBXFileReference; lastKnownFileType = sourcecode.swift; path = TodoMaster2Tests.swift; sourceTree = "<group>"; };
		A09FDE0D280FDCE7005AE952 /* TodoMaster2UITests.xctest */ = {isa = PBXFileReference; explicitFileType = wrapper.cfbundle; includeInIndex = 0; path = TodoMaster2UITests.xctest; sourceTree = BUILT_PRODUCTS_DIR; };
		A09FDE11280FDCE7005AE952 /* TodoMaster2UITests.swift */ = {isa = PBXFileReference; lastKnownFileType = sourcecode.swift; path = TodoMaster2UITests.swift; sourceTree = "<group>"; };
		A09FDE13280FDCE7005AE952 /* TodoMaster2UITestsLaunchTests.swift */ = {isa = PBXFileReference; lastKnownFileType = sourcecode.swift; path = TodoMaster2UITestsLaunchTests.swift; sourceTree = "<group>"; };
		A0F30E712810BF600057A5F4 /* README.md */ = {isa = PBXFileReference; lastKnownFileType = net.daringfireball.markdown; path = README.md; sourceTree = "<group>"; };
/* End PBXFileReference section */

/* Begin PBXFrameworksBuildPhase section */
		A09FDDE7280FDCE5005AE952 /* Frameworks */ = {
			isa = PBXFrameworksBuildPhase;
			buildActionMask = 2147483647;
			files = (
			);
			runOnlyForDeploymentPostprocessing = 0;
		};
		A09FDE00280FDCE7005AE952 /* Frameworks */ = {
			isa = PBXFrameworksBuildPhase;
			buildActionMask = 2147483647;
			files = (
			);
			runOnlyForDeploymentPostprocessing = 0;
		};
		A09FDE0A280FDCE7005AE952 /* Frameworks */ = {
			isa = PBXFrameworksBuildPhase;
			buildActionMask = 2147483647;
			files = (
			);
			runOnlyForDeploymentPostprocessing = 0;
		};
/* End PBXFrameworksBuildPhase section */

/* Begin PBXGroup section */
		A0043D612810874D00F31F37 /* Controllers */ = {
			isa = PBXGroup;
			children = (
				A09FDDF1280FDCE5005AE952 /* ViewController.swift */,
				A05C6BAD28106C5200068399 /* ItemCell.swift */,
			);
			path = Controllers;
			sourceTree = "<group>";
		};
		A0043D622810876400F31F37 /* Views */ = {
			isa = PBXGroup;
			children = (
				A05C6BAE28106C5200068399 /* ItemCell.xib */,
				A09FDDF3280FDCE5005AE952 /* Main.storyboard */,
			);
			path = Views;
			sourceTree = "<group>";
		};
		A0043D632810877000F31F37 /* Models */ = {
			isa = PBXGroup;
			children = (
				A05C6BAB280FE0E600068399 /* Task.swift */,
				A0043D642810878500F31F37 /* TodoList.swift */,
			);
			path = Models;
			sourceTree = "<group>";
		};
		A09FDDE1280FDCE5005AE952 = {
			isa = PBXGroup;
			children = (
				A09FDDEC280FDCE5005AE952 /* TodoMaster2 */,
				A09FDE06280FDCE7005AE952 /* TodoMaster2Tests */,
				A09FDE10280FDCE7005AE952 /* TodoMaster2UITests */,
				A09FDDEB280FDCE5005AE952 /* Products */,
			);
			sourceTree = "<group>";
		};
		A09FDDEB280FDCE5005AE952 /* Products */ = {
			isa = PBXGroup;
			children = (
				A09FDDEA280FDCE5005AE952 /* TodoMaster2.app */,
				A09FDE03280FDCE7005AE952 /* TodoMaster2Tests.xctest */,
				A09FDE0D280FDCE7005AE952 /* TodoMaster2UITests.xctest */,
			);
			name = Products;
			sourceTree = "<group>";
		};
		A09FDDEC280FDCE5005AE952 /* TodoMaster2 */ = {
			isa = PBXGroup;
			children = (
				A09FDDED280FDCE5005AE952 /* AppDelegate.swift */,
				A09FDDEF280FDCE5005AE952 /* SceneDelegate.swift */,
				A0F30E712810BF600057A5F4 /* README.md */,
				A0043D612810874D00F31F37 /* Controllers */,
				A0043D622810876400F31F37 /* Views */,
				A0043D632810877000F31F37 /* Models */,
				A09FDDF9280FDCE6005AE952 /* Assets.xcassets */,
				A09FDDFB280FDCE6005AE952 /* LaunchScreen.storyboard */,
				A09FDDFE280FDCE6005AE952 /* Info.plist */,
				A09FDDF6280FDCE5005AE952 /* TodoMaster2.xcdatamodeld */,
			);
			path = TodoMaster2;
			sourceTree = "<group>";
		};
		A09FDE06280FDCE7005AE952 /* TodoMaster2Tests */ = {
			isa = PBXGroup;
			children = (
				A09FDE07280FDCE7005AE952 /* TodoMaster2Tests.swift */,
			);
			path = TodoMaster2Tests;
			sourceTree = "<group>";
		};
		A09FDE10280FDCE7005AE952 /* TodoMaster2UITests */ = {
			isa = PBXGroup;
			children = (
				A09FDE11280FDCE7005AE952 /* TodoMaster2UITests.swift */,
				A09FDE13280FDCE7005AE952 /* TodoMaster2UITestsLaunchTests.swift */,
			);
			path = TodoMaster2UITests;
			sourceTree = "<group>";
		};
/* End PBXGroup section */

/* Begin PBXNativeTarget section */
		A09FDDE9280FDCE5005AE952 /* TodoMaster2 */ = {
			isa = PBXNativeTarget;
			buildConfigurationList = A09FDE17280FDCE7005AE952 /* Build configuration list for PBXNativeTarget "TodoMaster2" */;
			buildPhases = (
				A09FDDE6280FDCE5005AE952 /* Sources */,
				A09FDDE7280FDCE5005AE952 /* Frameworks */,
				A09FDDE8280FDCE5005AE952 /* Resources */,
			);
			buildRules = (
			);
			dependencies = (
			);
			name = TodoMaster2;
			productName = TodoMaster2;
			productReference = A09FDDEA280FDCE5005AE952 /* TodoMaster2.app */;
			productType = "com.apple.product-type.application";
		};
		A09FDE02280FDCE7005AE952 /* TodoMaster2Tests */ = {
			isa = PBXNativeTarget;
			buildConfigurationList = A09FDE1A280FDCE7005AE952 /* Build configuration list for PBXNativeTarget "TodoMaster2Tests" */;
			buildPhases = (
				A09FDDFF280FDCE7005AE952 /* Sources */,
				A09FDE00280FDCE7005AE952 /* Frameworks */,
				A09FDE01280FDCE7005AE952 /* Resources */,
			);
			buildRules = (
			);
			dependencies = (
				A09FDE05280FDCE7005AE952 /* PBXTargetDependency */,
			);
			name = TodoMaster2Tests;
			productName = TodoMaster2Tests;
			productReference = A09FDE03280FDCE7005AE952 /* TodoMaster2Tests.xctest */;
			productType = "com.apple.product-type.bundle.unit-test";
		};
		A09FDE0C280FDCE7005AE952 /* TodoMaster2UITests */ = {
			isa = PBXNativeTarget;
			buildConfigurationList = A09FDE1D280FDCE7005AE952 /* Build configuration list for PBXNativeTarget "TodoMaster2UITests" */;
			buildPhases = (
				A09FDE09280FDCE7005AE952 /* Sources */,
				A09FDE0A280FDCE7005AE952 /* Frameworks */,
				A09FDE0B280FDCE7005AE952 /* Resources */,
			);
			buildRules = (
			);
			dependencies = (
				A09FDE0F280FDCE7005AE952 /* PBXTargetDependency */,
			);
			name = TodoMaster2UITests;
			productName = TodoMaster2UITests;
			productReference = A09FDE0D280FDCE7005AE952 /* TodoMaster2UITests.xctest */;
			productType = "com.apple.product-type.bundle.ui-testing";
		};
/* End PBXNativeTarget section */

/* Begin PBXProject section */
		A09FDDE2280FDCE5005AE952 /* Project object */ = {
			isa = PBXProject;
			attributes = {
				BuildIndependentTargetsInParallel = 1;
				LastSwiftUpdateCheck = 1330;
				LastUpgradeCheck = 1330;
				TargetAttributes = {
					A09FDDE9280FDCE5005AE952 = {
						CreatedOnToolsVersion = 13.3.1;
					};
					A09FDE02280FDCE7005AE952 = {
						CreatedOnToolsVersion = 13.3.1;
						TestTargetID = A09FDDE9280FDCE5005AE952;
					};
					A09FDE0C280FDCE7005AE952 = {
						CreatedOnToolsVersion = 13.3.1;
						TestTargetID = A09FDDE9280FDCE5005AE952;
					};
				};
			};
			buildConfigurationList = A09FDDE5280FDCE5005AE952 /* Build configuration list for PBXProject "TodoMaster2" */;
			compatibilityVersion = "Xcode 13.0";
			developmentRegion = en;
			hasScannedForEncodings = 0;
			knownRegions = (
				en,
				Base,
			);
			mainGroup = A09FDDE1280FDCE5005AE952;
			productRefGroup = A09FDDEB280FDCE5005AE952 /* Products */;
			projectDirPath = "";
			projectRoot = "";
			targets = (
				A09FDDE9280FDCE5005AE952 /* TodoMaster2 */,
				A09FDE02280FDCE7005AE952 /* TodoMaster2Tests */,
				A09FDE0C280FDCE7005AE952 /* TodoMaster2UITests */,
			);
		};
/* End PBXProject section */

/* Begin PBXResourcesBuildPhase section */
		A09FDDE8280FDCE5005AE952 /* Resources */ = {
			isa = PBXResourcesBuildPhase;
			buildActionMask = 2147483647;
			files = (
				A05C6BB028106C5200068399 /* ItemCell.xib in Resources */,
				A09FDDFD280FDCE6005AE952 /* LaunchScreen.storyboard in Resources */,
				A09FDDFA280FDCE6005AE952 /* Assets.xcassets in Resources */,
				A09FDDF5280FDCE5005AE952 /* Main.storyboard in Resources */,
			);
			runOnlyForDeploymentPostprocessing = 0;
		};
		A09FDE01280FDCE7005AE952 /* Resources */ = {
			isa = PBXResourcesBuildPhase;
			buildActionMask = 2147483647;
			files = (
			);
			runOnlyForDeploymentPostprocessing = 0;
		};
		A09FDE0B280FDCE7005AE952 /* Resources */ = {
			isa = PBXResourcesBuildPhase;
			buildActionMask = 2147483647;
			files = (
			);
			runOnlyForDeploymentPostprocessing = 0;
		};
/* End PBXResourcesBuildPhase section */

/* Begin PBXSourcesBuildPhase section */
		A09FDDE6280FDCE5005AE952 /* Sources */ = {
			isa = PBXSourcesBuildPhase;
			buildActionMask = 2147483647;
			files = (
				A09FDDF8280FDCE5005AE952 /* TodoMaster2.xcdatamodeld in Sources */,
				A0043D652810878500F31F37 /* TodoList.swift in Sources */,
				A09FDDF2280FDCE5005AE952 /* ViewController.swift in Sources */,
				A05C6BAF28106C5200068399 /* ItemCell.swift in Sources */,
				A05C6BAC280FE0E600068399 /* Task.swift in Sources */,
				A09FDDEE280FDCE5005AE952 /* AppDelegate.swift in Sources */,
				A09FDDF0280FDCE5005AE952 /* SceneDelegate.swift in Sources */,
			);
			runOnlyForDeploymentPostprocessing = 0;
		};
		A09FDDFF280FDCE7005AE952 /* Sources */ = {
			isa = PBXSourcesBuildPhase;
			buildActionMask = 2147483647;
			files = (
				A09FDE08280FDCE7005AE952 /* TodoMaster2Tests.swift in Sources */,
			);
			runOnlyForDeploymentPostprocessing = 0;
		};
		A09FDE09280FDCE7005AE952 /* Sources */ = {
			isa = PBXSourcesBuildPhase;
			buildActionMask = 2147483647;
			files = (
				A09FDE12280FDCE7005AE952 /* TodoMaster2UITests.swift in Sources */,
				A09FDE14280FDCE7005AE952 /* TodoMaster2UITestsLaunchTests.swift in Sources */,
			);
			runOnlyForDeploymentPostprocessing = 0;
		};
/* End PBXSourcesBuildPhase section */

/* Begin PBXTargetDependency section */
		A09FDE05280FDCE7005AE952 /* PBXTargetDependency */ = {
			isa = PBXTargetDependency;
			target = A09FDDE9280FDCE5005AE952 /* TodoMaster2 */;
			targetProxy = A09FDE04280FDCE7005AE952 /* PBXContainerItemProxy */;
		};
		A09FDE0F280FDCE7005AE952 /* PBXTargetDependency */ = {
			isa = PBXTargetDependency;
			target = A09FDDE9280FDCE5005AE952 /* TodoMaster2 */;
			targetProxy = A09FDE0E280FDCE7005AE952 /* PBXContainerItemProxy */;
		};
/* End PBXTargetDependency section */

/* Begin PBXVariantGroup section */
		A09FDDF3280FDCE5005AE952 /* Main.storyboard */ = {
			isa = PBXVariantGroup;
			children = (
				A09FDDF4280FDCE5005AE952 /* Base */,
			);
			name = Main.storyboard;
			sourceTree = "<group>";
		};
		A09FDDFB280FDCE6005AE952 /* LaunchScreen.storyboard */ = {
			isa = PBXVariantGroup;
			children = (
				A09FDDFC280FDCE6005AE952 /* Base */,
			);
			name = LaunchScreen.storyboard;
			sourceTree = "<group>";
		};
/* End PBXVariantGroup section */

/* Begin XCBuildConfiguration section */
		A09FDE15280FDCE7005AE952 /* Debug */ = {
			isa = XCBuildConfiguration;
			buildSettings = {
				ALWAYS_SEARCH_USER_PATHS = NO;
				CLANG_ANALYZER_NONNULL = YES;
				CLANG_ANALYZER_NUMBER_OBJECT_CONVERSION = YES_AGGRESSIVE;
				CLANG_CXX_LANGUAGE_STANDARD = "gnu++17";
				CLANG_ENABLE_MODULES = YES;
				CLANG_ENABLE_OBJC_ARC = YES;
				CLANG_ENABLE_OBJC_WEAK = YES;
				CLANG_WARN_BLOCK_CAPTURE_AUTORELEASING = YES;
				CLANG_WARN_BOOL_CONVERSION = YES;
				CLANG_WARN_COMMA = YES;
				CLANG_WARN_CONSTANT_CONVERSION = YES;
				CLANG_WARN_DEPRECATED_OBJC_IMPLEMENTATIONS = YES;
				CLANG_WARN_DIRECT_OBJC_ISA_USAGE = YES_ERROR;
				CLANG_WARN_DOCUMENTATION_COMMENTS = YES;
				CLANG_WARN_EMPTY_BODY = YES;
				CLANG_WARN_ENUM_CONVERSION = YES;
				CLANG_WARN_INFINITE_RECURSION = YES;
				CLANG_WARN_INT_CONVERSION = YES;
				CLANG_WARN_NON_LITERAL_NULL_CONVERSION = YES;
				CLANG_WARN_OBJC_IMPLICIT_RETAIN_SELF = YES;
				CLANG_WARN_OBJC_LITERAL_CONVERSION = YES;
				CLANG_WARN_OBJC_ROOT_CLASS = YES_ERROR;
				CLANG_WARN_QUOTED_INCLUDE_IN_FRAMEWORK_HEADER = YES;
				CLANG_WARN_RANGE_LOOP_ANALYSIS = YES;
				CLANG_WARN_STRICT_PROTOTYPES = YES;
				CLANG_WARN_SUSPICIOUS_MOVE = YES;
				CLANG_WARN_UNGUARDED_AVAILABILITY = YES_AGGRESSIVE;
				CLANG_WARN_UNREACHABLE_CODE = YES;
				CLANG_WARN__DUPLICATE_METHOD_MATCH = YES;
				COPY_PHASE_STRIP = NO;
				DEBUG_INFORMATION_FORMAT = dwarf;
				ENABLE_STRICT_OBJC_MSGSEND = YES;
				ENABLE_TESTABILITY = YES;
				GCC_C_LANGUAGE_STANDARD = gnu11;
				GCC_DYNAMIC_NO_PIC = NO;
				GCC_NO_COMMON_BLOCKS = YES;
				GCC_OPTIMIZATION_LEVEL = 0;
				GCC_PREPROCESSOR_DEFINITIONS = (
					"DEBUG=1",
					"$(inherited)",
				);
				GCC_WARN_64_TO_32_BIT_CONVERSION = YES;
				GCC_WARN_ABOUT_RETURN_TYPE = YES_ERROR;
				GCC_WARN_UNDECLARED_SELECTOR = YES;
				GCC_WARN_UNINITIALIZED_AUTOS = YES_AGGRESSIVE;
				GCC_WARN_UNUSED_FUNCTION = YES;
				GCC_WARN_UNUSED_VARIABLE = YES;
				IPHONEOS_DEPLOYMENT_TARGET = 15.4;
				MTL_ENABLE_DEBUG_INFO = INCLUDE_SOURCE;
				MTL_FAST_MATH = YES;
				ONLY_ACTIVE_ARCH = YES;
				SDKROOT = iphoneos;
				SWIFT_ACTIVE_COMPILATION_CONDITIONS = DEBUG;
				SWIFT_OPTIMIZATION_LEVEL = "-Onone";
			};
			name = Debug;
		};
		A09FDE16280FDCE7005AE952 /* Release */ = {
			isa = XCBuildConfiguration;
			buildSettings = {
				ALWAYS_SEARCH_USER_PATHS = NO;
				CLANG_ANALYZER_NONNULL = YES;
				CLANG_ANALYZER_NUMBER_OBJECT_CONVERSION = YES_AGGRESSIVE;
				CLANG_CXX_LANGUAGE_STANDARD = "gnu++17";
				CLANG_ENABLE_MODULES = YES;
				CLANG_ENABLE_OBJC_ARC = YES;
				CLANG_ENABLE_OBJC_WEAK = YES;
				CLANG_WARN_BLOCK_CAPTURE_AUTORELEASING = YES;
				CLANG_WARN_BOOL_CONVERSION = YES;
				CLANG_WARN_COMMA = YES;
				CLANG_WARN_CONSTANT_CONVERSION = YES;
				CLANG_WARN_DEPRECATED_OBJC_IMPLEMENTATIONS = YES;
				CLANG_WARN_DIRECT_OBJC_ISA_USAGE = YES_ERROR;
				CLANG_WARN_DOCUMENTATION_COMMENTS = YES;
				CLANG_WARN_EMPTY_BODY = YES;
				CLANG_WARN_ENUM_CONVERSION = YES;
				CLANG_WARN_INFINITE_RECURSION = YES;
				CLANG_WARN_INT_CONVERSION = YES;
				CLANG_WARN_NON_LITERAL_NULL_CONVERSION = YES;
				CLANG_WARN_OBJC_IMPLICIT_RETAIN_SELF = YES;
				CLANG_WARN_OBJC_LITERAL_CONVERSION = YES;
				CLANG_WARN_OBJC_ROOT_CLASS = YES_ERROR;
				CLANG_WARN_QUOTED_INCLUDE_IN_FRAMEWORK_HEADER = YES;
				CLANG_WARN_RANGE_LOOP_ANALYSIS = YES;
				CLANG_WARN_STRICT_PROTOTYPES = YES;
				CLANG_WARN_SUSPICIOUS_MOVE = YES;
				CLANG_WARN_UNGUARDED_AVAILABILITY = YES_AGGRESSIVE;
				CLANG_WARN_UNREACHABLE_CODE = YES;
				CLANG_WARN__DUPLICATE_METHOD_MATCH = YES;
				COPY_PHASE_STRIP = NO;
				DEBUG_INFORMATION_FORMAT = "dwarf-with-dsym";
				ENABLE_NS_ASSERTIONS = NO;
				ENABLE_STRICT_OBJC_MSGSEND = YES;
				GCC_C_LANGUAGE_STANDARD = gnu11;
				GCC_NO_COMMON_BLOCKS = YES;
				GCC_WARN_64_TO_32_BIT_CONVERSION = YES;
				GCC_WARN_ABOUT_RETURN_TYPE = YES_ERROR;
				GCC_WARN_UNDECLARED_SELECTOR = YES;
				GCC_WARN_UNINITIALIZED_AUTOS = YES_AGGRESSIVE;
				GCC_WARN_UNUSED_FUNCTION = YES;
				GCC_WARN_UNUSED_VARIABLE = YES;
				IPHONEOS_DEPLOYMENT_TARGET = 15.4;
				MTL_ENABLE_DEBUG_INFO = NO;
				MTL_FAST_MATH = YES;
				SDKROOT = iphoneos;
				SWIFT_COMPILATION_MODE = wholemodule;
				SWIFT_OPTIMIZATION_LEVEL = "-O";
				VALIDATE_PRODUCT = YES;
			};
			name = Release;
		};
		A09FDE18280FDCE7005AE952 /* Debug */ = {
			isa = XCBuildConfiguration;
			buildSettings = {
				ASSETCATALOG_COMPILER_APPICON_NAME = AppIcon;
				ASSETCATALOG_COMPILER_GLOBAL_ACCENT_COLOR_NAME = AccentColor;
				CODE_SIGN_STYLE = Automatic;
				CURRENT_PROJECT_VERSION = 1;
				DEVELOPMENT_TEAM = R257CGZB56;
				GENERATE_INFOPLIST_FILE = YES;
				INFOPLIST_FILE = TodoMaster2/Info.plist;
				INFOPLIST_KEY_UIApplicationSupportsIndirectInputEvents = YES;
				INFOPLIST_KEY_UILaunchStoryboardName = LaunchScreen;
				INFOPLIST_KEY_UIMainStoryboardFile = Main;
				INFOPLIST_KEY_UISupportedInterfaceOrientations_iPad = "UIInterfaceOrientationPortrait UIInterfaceOrientationPortraitUpsideDown UIInterfaceOrientationLandscapeLeft UIInterfaceOrientationLandscapeRight";
				INFOPLIST_KEY_UISupportedInterfaceOrientations_iPhone = "UIInterfaceOrientationPortrait UIInterfaceOrientationLandscapeLeft UIInterfaceOrientationLandscapeRight";
				LD_RUNPATH_SEARCH_PATHS = (
					"$(inherited)",
					"@executable_path/Frameworks",
				);
				MARKETING_VERSION = 1.0;
				PRODUCT_BUNDLE_IDENTIFIER = com.chakshan.kothakota.TodoMaster2;
				PRODUCT_NAME = "$(TARGET_NAME)";
				SWIFT_EMIT_LOC_STRINGS = YES;
				SWIFT_VERSION = 5.0;
				TARGETED_DEVICE_FAMILY = "1,2";
			};
			name = Debug;
		};
		A09FDE19280FDCE7005AE952 /* Release */ = {
			isa = XCBuildConfiguration;
			buildSettings = {
				ASSETCATALOG_COMPILER_APPICON_NAME = AppIcon;
				ASSETCATALOG_COMPILER_GLOBAL_ACCENT_COLOR_NAME = AccentColor;
				CODE_SIGN_STYLE = Automatic;
				CURRENT_PROJECT_VERSION = 1;
				DEVELOPMENT_TEAM = R257CGZB56;
				GENERATE_INFOPLIST_FILE = YES;
				INFOPLIST_FILE = TodoMaster2/Info.plist;
				INFOPLIST_KEY_UIApplicationSupportsIndirectInputEvents = YES;
				INFOPLIST_KEY_UILaunchStoryboardName = LaunchScreen;
				INFOPLIST_KEY_UIMainStoryboardFile = Main;
				INFOPLIST_KEY_UISupportedInterfaceOrientations_iPad = "UIInterfaceOrientationPortrait UIInterfaceOrientationPortraitUpsideDown UIInterfaceOrientationLandscapeLeft UIInterfaceOrientationLandscapeRight";
				INFOPLIST_KEY_UISupportedInterfaceOrientations_iPhone = "UIInterfaceOrientationPortrait UIInterfaceOrientationLandscapeLeft UIInterfaceOrientationLandscapeRight";
				LD_RUNPATH_SEARCH_PATHS = (
					"$(inherited)",
					"@executable_path/Frameworks",
				);
				MARKETING_VERSION = 1.0;
				PRODUCT_BUNDLE_IDENTIFIER = com.chakshan.kothakota.TodoMaster2;
				PRODUCT_NAME = "$(TARGET_NAME)";
				SWIFT_EMIT_LOC_STRINGS = YES;
				SWIFT_VERSION = 5.0;
				TARGETED_DEVICE_FAMILY = "1,2";
			};
			name = Release;
		};
		A09FDE1B280FDCE7005AE952 /* Debug */ = {
			isa = XCBuildConfiguration;
			buildSettings = {
				ALWAYS_EMBED_SWIFT_STANDARD_LIBRARIES = YES;
				BUNDLE_LOADER = "$(TEST_HOST)";
				CODE_SIGN_STYLE = Automatic;
				CURRENT_PROJECT_VERSION = 1;
				DEVELOPMENT_TEAM = R257CGZB56;
				GENERATE_INFOPLIST_FILE = YES;
				IPHONEOS_DEPLOYMENT_TARGET = 15.4;
				MARKETING_VERSION = 1.0;
				PRODUCT_BUNDLE_IDENTIFIER = com.chakshan.kothakota.TodoMaster2Tests;
				PRODUCT_NAME = "$(TARGET_NAME)";
				SWIFT_EMIT_LOC_STRINGS = NO;
				SWIFT_VERSION = 5.0;
				TARGETED_DEVICE_FAMILY = "1,2";
				TEST_HOST = "$(BUILT_PRODUCTS_DIR)/TodoMaster2.app/TodoMaster2";
			};
			name = Debug;
		};
		A09FDE1C280FDCE7005AE952 /* Release */ = {
			isa = XCBuildConfiguration;
			buildSettings = {
				ALWAYS_EMBED_SWIFT_STANDARD_LIBRARIES = YES;
				BUNDLE_LOADER = "$(TEST_HOST)";
				CODE_SIGN_STYLE = Automatic;
				CURRENT_PROJECT_VERSION = 1;
				DEVELOPMENT_TEAM = R257CGZB56;
				GENERATE_INFOPLIST_FILE = YES;
				IPHONEOS_DEPLOYMENT_TARGET = 15.4;
				MARKETING_VERSION = 1.0;
				PRODUCT_BUNDLE_IDENTIFIER = com.chakshan.kothakota.TodoMaster2Tests;
				PRODUCT_NAME = "$(TARGET_NAME)";
				SWIFT_EMIT_LOC_STRINGS = NO;
				SWIFT_VERSION = 5.0;
				TARGETED_DEVICE_FAMILY = "1,2";
				TEST_HOST = "$(BUILT_PRODUCTS_DIR)/TodoMaster2.app/TodoMaster2";
			};
			name = Release;
		};
		A09FDE1E280FDCE7005AE952 /* Debug */ = {
			isa = XCBuildConfiguration;
			buildSettings = {
				ALWAYS_EMBED_SWIFT_STANDARD_LIBRARIES = YES;
				CODE_SIGN_STYLE = Automatic;
				CURRENT_PROJECT_VERSION = 1;
				DEVELOPMENT_TEAM = R257CGZB56;
				GENERATE_INFOPLIST_FILE = YES;
				MARKETING_VERSION = 1.0;
				PRODUCT_BUNDLE_IDENTIFIER = com.chakshan.kothakota.TodoMaster2UITests;
				PRODUCT_NAME = "$(TARGET_NAME)";
				SWIFT_EMIT_LOC_STRINGS = NO;
				SWIFT_VERSION = 5.0;
				TARGETED_DEVICE_FAMILY = "1,2";
				TEST_TARGET_NAME = TodoMaster2;
			};
			name = Debug;
		};
		A09FDE1F280FDCE7005AE952 /* Release */ = {
			isa = XCBuildConfiguration;
			buildSettings = {
				ALWAYS_EMBED_SWIFT_STANDARD_LIBRARIES = YES;
				CODE_SIGN_STYLE = Automatic;
				CURRENT_PROJECT_VERSION = 1;
				DEVELOPMENT_TEAM = R257CGZB56;
				GENERATE_INFOPLIST_FILE = YES;
				MARKETING_VERSION = 1.0;
				PRODUCT_BUNDLE_IDENTIFIER = com.chakshan.kothakota.TodoMaster2UITests;
				PRODUCT_NAME = "$(TARGET_NAME)";
				SWIFT_EMIT_LOC_STRINGS = NO;
				SWIFT_VERSION = 5.0;
				TARGETED_DEVICE_FAMILY = "1,2";
				TEST_TARGET_NAME = TodoMaster2;
			};
			name = Release;
		};
/* End XCBuildConfiguration section */

/* Begin XCConfigurationList section */
		A09FDDE5280FDCE5005AE952 /* Build configuration list for PBXProject "TodoMaster2" */ = {
			isa = XCConfigurationList;
			buildConfigurations = (
				A09FDE15280FDCE7005AE952 /* Debug */,
				A09FDE16280FDCE7005AE952 /* Release */,
			);
			defaultConfigurationIsVisible = 0;
			defaultConfigurationName = Release;
		};
		A09FDE17280FDCE7005AE952 /* Build configuration list for PBXNativeTarget "TodoMaster2" */ = {
			isa = XCConfigurationList;
			buildConfigurations = (
				A09FDE18280FDCE7005AE952 /* Debug */,
				A09FDE19280FDCE7005AE952 /* Release */,
			);
			defaultConfigurationIsVisible = 0;
			defaultConfigurationName = Release;
		};
		A09FDE1A280FDCE7005AE952 /* Build configuration list for PBXNativeTarget "TodoMaster2Tests" */ = {
			isa = XCConfigurationList;
			buildConfigurations = (
				A09FDE1B280FDCE7005AE952 /* Debug */,
				A09FDE1C280FDCE7005AE952 /* Release */,
			);
			defaultConfigurationIsVisible = 0;
			defaultConfigurationName = Release;
		};
		A09FDE1D280FDCE7005AE952 /* Build configuration list for PBXNativeTarget "TodoMaster2UITests" */ = {
			isa = XCConfigurationList;
			buildConfigurations = (
				A09FDE1E280FDCE7005AE952 /* Debug */,
				A09FDE1F280FDCE7005AE952 /* Release */,
			);
			defaultConfigurationIsVisible = 0;
			defaultConfigurationName = Release;
		};
/* End XCConfigurationList section */

/* Begin XCVersionGroup section */
		A09FDDF6280FDCE5005AE952 /* TodoMaster2.xcdatamodeld */ = {
			isa = XCVersionGroup;
			children = (
				A09FDDF7280FDCE5005AE952 /* TodoMaster2.xcdatamodel */,
			);
			currentVersion = A09FDDF7280FDCE5005AE952 /* TodoMaster2.xcdatamodel */;
			path = TodoMaster2.xcdatamodeld;
			sourceTree = "<group>";
			versionGroupType = wrapper.xcdatamodel;
		};
/* End XCVersionGroup section */
	};
	rootObject = A09FDDE2280FDCE5005AE952 /* Project object */;
}
